<Solution>
  <Folder Name="/src/">
    <Project Path="src/SICST.Api/SICST.Api.csproj" />
    <Project Path="src/SICST.Application/SICST.Application.csproj" />
    <Project Path="src/SICST.Domain/SICST.Domain.csproj" />
    <Project Path="src/SICST.Infrastructure/SICST.Infrastructure.csproj" />
    <Project Path="src/SICST.Persistence/SICST.Persistence.csproj" />
  </Folder>
  <Folder Name="/tests/">
    <Project Path="tests/SICST.Tests/SICST.Tests.csproj" />
  </Folder>
</Solution>
